
Microsoft Visual Studio Solution File, Format Version 12.00
# Visual Studio Version 17
VisualStudioVersion = 17.9.34723.18
MinimumVisualStudioVersion = 10.0.40219.1
Project("{FAE04EC0-301F-11D3-BF4B-00C04F79EFBC}") = "TPWinForm_equipo-f", "TPWinForm_equipo-f.csproj", "{4556485A-19AA-4502-BFD4-7E4ABA70C2A2}"
EndProject
Project("{9A19103F-16F7-4668-BE54-9A1E7A4F7556}") = "dominio", "..\..\..\..\..\Marco\Source\repos\dominio\dominio.csproj", "{568B3AA8-3FF9-4E34-B67A-6BAF6B8FEF37}"
EndProject
Project("{9A19103F-16F7-4668-BE54-9A1E7A4F7556}") = "negocio", "..\..\..\..\..\Marco\Source\repos\negocio\negocio.csproj", "{768E312C-2A71-495C-B17C-2F6219F1BF46}"
EndProject
Global
	GlobalSection(SolutionConfigurationPlatforms) = preSolution
		Debug|Any CPU = Debug|Any CPU
		Release|Any CPU = Release|Any CPU
	EndGlobalSection
	GlobalSection(ProjectConfigurationPlatforms) = postSolution
		{4556485A-19AA-4502-BFD4-7E4ABA70C2A2}.Debug|Any CPU.ActiveCfg = Debug|Any CPU
		{4556485A-19AA-4502-BFD4-7E4ABA70C2A2}.Debug|Any CPU.Build.0 = Debug|Any CPU
		{4556485A-19AA-4502-BFD4-7E4ABA70C2A2}.Release|Any CPU.ActiveCfg = Release|Any CPU
		{4556485A-19AA-4502-BFD4-7E4ABA70C2A2}.Release|Any CPU.Build.0 = Release|Any CPU
		{568B3AA8-3FF9-4E34-B67A-6BAF6B8FEF37}.Debug|Any CPU.ActiveCfg = Debug|Any CPU
		{568B3AA8-3FF9-4E34-B67A-6BAF6B8FEF37}.Debug|Any CPU.Build.0 = Debug|Any CPU
		{568B3AA8-3FF9-4E34-B67A-6BAF6B8FEF37}.Release|Any CPU.ActiveCfg = Release|Any CPU
		{568B3AA8-3FF9-4E34-B67A-6BAF6B8FEF37}.Release|Any CPU.Build.0 = Release|Any CPU
		{768E312C-2A71-495C-B17C-2F6219F1BF46}.Debug|Any CPU.ActiveCfg = Debug|Any CPU
		{768E312C-2A71-495C-B17C-2F6219F1BF46}.Debug|Any CPU.Build.0 = Debug|Any CPU
		{768E312C-2A71-495C-B17C-2F6219F1BF46}.Release|Any CPU.ActiveCfg = Release|Any CPU
		{768E312C-2A71-495C-B17C-2F6219F1BF46}.Release|Any CPU.Build.0 = Release|Any CPU
	EndGlobalSection
	GlobalSection(SolutionProperties) = preSolution
		HideSolutionNode = FALSE
	EndGlobalSection
	GlobalSection(ExtensibilityGlobals) = postSolution
		SolutionGuid = {D1178BB5-EC63-4DA7-842D-CAF14C7FD22E}
	EndGlobalSection
EndGlobal
